// !$*UTF8*$!
{
	archiveVersion = 1;
	classes = {
	};
	objectVersion = 46;
	objects = {

/* Begin PBXBuildFile section */
		1EE0BBC41952FE0C005CCFAB /* AppDelegate.swift in Sources */ = {isa = PBXBuildFile; fileRef = 1EE0BBC31952FE0C005CCFAB /* AppDelegate.swift */; };
		1EE0BBC61952FE0C005CCFAB /* ViewController.swift in Sources */ = {isa = PBXBuildFile; fileRef = 1EE0BBC51952FE0C005CCFAB /* ViewController.swift */; };
		1EE0BBC91952FE0C005CCFAB /* Main.storyboard in Resources */ = {isa = PBXBuildFile; fileRef = 1EE0BBC71952FE0C005CCFAB /* Main.storyboard */; };
		1EE0BBCB1952FE0C005CCFAB /* Images.xcassets in Resources */ = {isa = PBXBuildFile; fileRef = 1EE0BBCA1952FE0C005CCFAB /* Images.xcassets */; };
		1EE0BBD71952FE0C005CCFAB /* TodoListTests.swift in Sources */ = {isa = PBXBuildFile; fileRef = 1EE0BBD61952FE0C005CCFAB /* TodoListTests.swift */; };
/* End PBXBuildFile section */

/* Begin PBXContainerItemProxy section */
		1EE0BBD11952FE0C005CCFAB /* PBXContainerItemProxy */ = {
			isa = PBXContainerItemProxy;
			containerPortal = 1EE0BBB61952FE0C005CCFAB /* Project object */;
			proxyType = 1;
			remoteGlobalIDString = 1EE0BBBD1952FE0C005CCFAB;
			remoteInfo = TodoList;
		};
/* End PBXContainerItemProxy section */

/* Begin PBXFileReference section */
		1EE0BBBE1952FE0C005CCFAB /* TodoList.app */ = {isa = PBXFileReference; explicitFileType = wrapper.application; includeInIndex = 0; path = TodoList.app; sourceTree = BUILT_PRODUCTS_DIR; };
		1EE0BBC21952FE0C005CCFAB /* Info.plist */ = {isa = PBXFileReference; lastKnownFileType = text.plist.xml; path = Info.plist; sourceTree = "<group>"; };
		1EE0BBC31952FE0C005CCFAB /* AppDelegate.swift */ = {isa = PBXFileReference; lastKnownFileType = sourcecode.swift; path = AppDelegate.swift; sourceTree = "<group>"; };
		1EE0BBC51952FE0C005CCFAB /* ViewController.swift */ = {isa = PBXFileReference; lastKnownFileType = sourcecode.swift; path = ViewController.swift; sourceTree = "<group>"; };
		1EE0BBC81952FE0C005CCFAB /* Base */ = {isa = PBXFileReference; lastKnownFileType = file.storyboard; name = Base; path = Base.lproj/Main.storyboard; sourceTree = "<group>"; };
		1EE0BBCA1952FE0C005CCFAB /* Images.xcassets */ = {isa = PBXFileReference; lastKnownFileType = folder.assetcatalog; path = Images.xcassets; sourceTree = "<group>"; };
		1EE0BBD01952FE0C005CCFAB /* TodoListTests.xctest */ = {isa = PBXFileReference; explicitFileType = wrapper.cfbundle; includeInIndex = 0; path = TodoListTests.xctest; sourceTree = BUILT_PRODUCTS_DIR; };
		1EE0BBD51952FE0C005CCFAB /* Info.plist */ = {isa = PBXFileReference; lastKnownFileType = text.plist.xml; path = Info.plist; sourceTree = "<group>"; };
		1EE0BBD61952FE0C005CCFAB /* TodoListTests.swift */ = {isa = PBXFileReference; lastKnownFileType = sourcecode.swift; path = TodoListTests.swift; sourceTree = "<group>"; };
/* End PBXFileReference section */

/* Begin PBXFrameworksBuildPhase section */
		1EE0BBBB1952FE0C005CCFAB /* Frameworks */ = {
			isa = PBXFrameworksBuildPhase;
			buildActionMask = 2147483647;
			files = (
			);
			runOnlyForDeploymentPostprocessing = 0;
		};
		1EE0BBCD1952FE0C005CCFAB /* Frameworks */ = {
			isa = PBXFrameworksBuildPhase;
			buildActionMask = 2147483647;
			files = (
			);
			runOnlyForDeploymentPostprocessing = 0;
		};
/* End PBXFrameworksBuildPhase section */

/* Begin PBXGroup section */
		1EE0BBB51952FE0C005CCFAB = {
			isa = PBXGroup;
			children = (
				1EE0BBC01952FE0C005CCFAB /* TodoList */,
				1EE0BBD31952FE0C005CCFAB /* TodoListTests */,
				1EE0BBBF1952FE0C005CCFAB /* Products */,
			);
			sourceTree = "<group>";
		};
		1EE0BBBF1952FE0C005CCFAB /* Products */ = {
			isa = PBXGroup;
			children = (
				1EE0BBBE1952FE0C005CCFAB /* TodoList.app */,
				1EE0BBD01952FE0C005CCFAB /* TodoListTests.xctest */,
			);
			name = Products;
			sourceTree = "<group>";
		};
		1EE0BBC01952FE0C005CCFAB /* TodoList */ = {
			isa = PBXGroup;
			children = (
				1EE0BBC31952FE0C005CCFAB /* AppDelegate.swift */,
				1EE0BBC51952FE0C005CCFAB /* ViewController.swift */,
				1EE0BBC71952FE0C005CCFAB /* Main.storyboard */,
				1EE0BBCA1952FE0C005CCFAB /* Images.xcassets */,
				1EE0BBC11952FE0C005CCFAB /* Supporting Files */,
			);
			path = TodoList;
			sourceTree = "<group>";
		};
		1EE0BBC11952FE0C005CCFAB /* Supporting Files */ = {
			isa = PBXGroup;
			children = (
				1EE0BBC21952FE0C005CCFAB /* Info.plist */,
			);
			name = "Supporting Files";
			sourceTree = "<group>";
		};
		1EE0BBD31952FE0C005CCFAB /* TodoListTests */ = {
			isa = PBXGroup;
			children = (
				1EE0BBD61952FE0C005CCFAB /* TodoListTests.swift */,
				1EE0BBD41952FE0C005CCFAB /* Supporting Files */,
			);
			path = TodoListTests;
			sourceTree = "<group>";
		};
		1EE0BBD41952FE0C005CCFAB /* Supporting Files */ = {
			isa = PBXGroup;
			children = (
				1EE0BBD51952FE0C005CCFAB /* Info.plist */,
			);
			name = "Supporting Files";
			sourceTree = "<group>";
		};
/* End PBXGroup section */

/* Begin PBXNativeTarget section */
		1EE0BBBD1952FE0C005CCFAB /* TodoList */ = {
			isa = PBXNativeTarget;
			buildConfigurationList = 1EE0BBDA1952FE0C005CCFAB /* Build configuration list for PBXNativeTarget "TodoList" */;
			buildPhases = (
				1EE0BBBA1952FE0C005CCFAB /* Sources */,
				1EE0BBBB1952FE0C005CCFAB /* Frameworks */,
				1EE0BBBC1952FE0C005CCFAB /* Resources */,
			);
			buildRules = (
			);
			dependencies = (
			);
			name = TodoList;
			productName = TodoList;
			productReference = 1EE0BBBE1952FE0C005CCFAB /* TodoList.app */;
			productType = "com.apple.product-type.application";
		};
		1EE0BBCF1952FE0C005CCFAB /* TodoListTests */ = {
			isa = PBXNativeTarget;
			buildConfigurationList = 1EE0BBDD1952FE0C005CCFAB /* Build configuration list for PBXNativeTarget "TodoListTests" */;
			buildPhases = (
				1EE0BBCC1952FE0C005CCFAB /* Sources */,
				1EE0BBCD1952FE0C005CCFAB /* Frameworks */,
				1EE0BBCE1952FE0C005CCFAB /* Resources */,
			);
			buildRules = (
			);
			dependencies = (
				1EE0BBD21952FE0C005CCFAB /* PBXTargetDependency */,
			);
			name = TodoListTests;
			productName = TodoListTests;
			productReference = 1EE0BBD01952FE0C005CCFAB /* TodoListTests.xctest */;
			productType = "com.apple.product-type.bundle.unit-test";
		};
/* End PBXNativeTarget section */

/* Begin PBXProject section */
		1EE0BBB61952FE0C005CCFAB /* Project object */ = {
			isa = PBXProject;
			attributes = {
				LastUpgradeCheck = 0600;
				ORGANIZATIONNAME = "Hu Junfeng";
				TargetAttributes = {
					1EE0BBBD1952FE0C005CCFAB = {
						CreatedOnToolsVersion = 6.0;
					};
					1EE0BBCF1952FE0C005CCFAB = {
						CreatedOnToolsVersion = 6.0;
						TestTargetID = 1EE0BBBD1952FE0C005CCFAB;
					};
				};
			};
			buildConfigurationList = 1EE0BBB91952FE0C005CCFAB /* Build configuration list for PBXProject "TodoList" */;
			compatibilityVersion = "Xcode 3.2";
			developmentRegion = English;
			hasScannedForEncodings = 0;
			knownRegions = (
				en,
				Base,
			);
			mainGroup = 1EE0BBB51952FE0C005CCFAB;
			productRefGroup = 1EE0BBBF1952FE0C005CCFAB /* Products */;
			projectDirPath = "";
			projectRoot = "";
			targets = (
				1EE0BBBD1952FE0C005CCFAB /* TodoList */,
				1EE0BBCF1952FE0C005CCFAB /* TodoListTests */,
			);
		};
/* End PBXProject section */

/* Begin PBXResourcesBuildPhase section */
		1EE0BBBC1952FE0C005CCFAB /* Resources */ = {
			isa = PBXResourcesBuildPhase;
			buildActionMask = 2147483647;
			files = (
				1EE0BBC91952FE0C005CCFAB /* Main.storyboard in Resources */,
				1EE0BBCB1952FE0C005CCFAB /* Images.xcassets in Resources */,
			);
			runOnlyForDeploymentPostprocessing = 0;
		};
		1EE0BBCE1952FE0C005CCFAB /* Resources */ = {
			isa = PBXResourcesBuildPhase;
			buildActionMask = 2147483647;
			files = (
			);
			runOnlyForDeploymentPostprocessing = 0;
		};
/* End PBXResourcesBuildPhase section */

/* Begin PBXSourcesBuildPhase section */
		1EE0BBBA1952FE0C005CCFAB /* Sources */ = {
			isa = PBXSourcesBuildPhase;
			buildActionMask = 2147483647;
			files = (
				1EE0BBC61952FE0C005CCFAB /* ViewController.swift in Sources */,
				1EE0BBC41952FE0C005CCFAB /* AppDelegate.swift in Sources */,
			);
			runOnlyForDeploymentPostprocessing = 0;
		};
		1EE0BBCC1952FE0C005CCFAB /* Sources */ = {
			isa = PBXSourcesBuildPhase;
			buildActionMask = 2147483647;
			files = (
				1EE0BBD71952FE0C005CCFAB /* TodoListTests.swift in Sources */,
			);
			runOnlyForDeploymentPostprocessing = 0;
		};
/* End PBXSourcesBuildPhase section */

/* Begin PBXTargetDependency section */
		1EE0BBD21952FE0C005CCFAB /* PBXTargetDependency */ = {
			isa = PBXTargetDependency;
			target = 1EE0BBBD1952FE0C005CCFAB /* TodoList */;
			targetProxy = 1EE0BBD11952FE0C005CCFAB /* PBXContainerItemProxy */;
		};
/* End PBXTargetDependency section */

/* Begin PBXVariantGroup section */
		1EE0BBC71952FE0C005CCFAB /* Main.storyboard */ = {
			isa = PBXVariantGroup;
			children = (
				1EE0BBC81952FE0C005CCFAB /* Base */,
			);
			name = Main.storyboard;
			sourceTree = "<group>";
		};
/* End PBXVariantGroup section */

/* Begin XCBuildConfiguration section */
		1EE0BBD81952FE0C005CCFAB /* Debug */ = {
			isa = XCBuildConfiguration;
			buildSettings = {
				ALWAYS_SEARCH_USER_PATHS = NO;
				CLANG_CXX_LANGUAGE_STANDARD = "gnu++0x";
				CLANG_CXX_LIBRARY = "libc++";
				CLANG_ENABLE_MODULES = YES;
				CLANG_ENABLE_OBJC_ARC = YES;
				CLANG_WARN_BOOL_CONVERSION = YES;
				CLANG_WARN_CONSTANT_CONVERSION = YES;
				CLANG_WARN_DIRECT_OBJC_ISA_USAGE = YES_ERROR;
				CLANG_WARN_EMPTY_BODY = YES;
				CLANG_WARN_ENUM_CONVERSION = YES;
				CLANG_WARN_INT_CONVERSION = YES;
				CLANG_WARN_OBJC_ROOT_CLASS = YES_ERROR;
				CLANG_WARN_UNREACHABLE_CODE = YES;
				CLANG_WARN__DUPLICATE_METHOD_MATCH = YES;
				"CODE_SIGN_IDENTITY[sdk=iphoneos*]" = "iPhone Developer";
				COPY_PHASE_STRIP = NO;
				ENABLE_STRICT_OBJC_MSGSEND = YES;
				GCC_C_LANGUAGE_STANDARD = gnu99;
				GCC_DYNAMIC_NO_PIC = NO;
				GCC_OPTIMIZATION_LEVEL = 0;
				GCC_PREPROCESSOR_DEFINITIONS = (
					"DEBUG=1",
					"$(inherited)",
				);
				GCC_SYMBOLS_PRIVATE_EXTERN = NO;
				GCC_WARN_64_TO_32_BIT_CONVERSION = YES;
				GCC_WARN_ABOUT_RETURN_TYPE = YES_ERROR;
				GCC_WARN_UNDECLARED_SELECTOR = YES;
				GCC_WARN_UNINITIALIZED_AUTOS = YES_AGGRESSIVE;
				GCC_WARN_UNUSED_FUNCTION = YES;
				GCC_WARN_UNUSED_VARIABLE = YES;
				IPHONEOS_DEPLOYMENT_TARGET = 8.0;
				METAL_ENABLE_DEBUG_INFO = YES;
				ONLY_ACTIVE_ARCH = YES;
				SDKROOT = iphoneos;
				SWIFT_OPTIMIZATION_LEVEL = "-Onone";
			};
			name = Debug;
		};
		1EE0BBD91952FE0C005CCFAB /* Release */ = {
			isa = XCBuildConfiguration;
			buildSettings = {
				ALWAYS_SEARCH_USER_PATHS = NO;
				CLANG_CXX_LANGUAGE_STANDARD = "gnu++0x";
				CLANG_CXX_LIBRARY = "libc++";
				CLANG_ENABLE_MODULES = YES;
				CLANG_ENABLE_OBJC_ARC = YES;
				CLANG_WARN_BOOL_CONVERSION = YES;
				CLANG_WARN_CONSTANT_CONVERSION = YES;
				CLANG_WARN_DIRECT_OBJC_ISA_USAGE = YES_ERROR;
				CLANG_WARN_EMPTY_BODY = YES;
				CLANG_WARN_ENUM_CONVERSION = YES;
				CLANG_WARN_INT_CONVERSION = YES;
				CLANG_WARN_OBJC_ROOT_CLASS = YES_ERROR;
				CLANG_WARN_UNREACHABLE_CODE = YES;
				CLANG_WARN__DUPLICATE_METHOD_MATCH = YES;
				"CODE_SIGN_IDENTITY[sdk=iphoneos*]" = "iPhone Developer";
				COPY_PHASE_STRIP = YES;
				ENABLE_NS_ASSERTIONS = NO;
				ENABLE_STRICT_OBJC_MSGSEND = YES;
				GCC_C_LANGUAGE_STANDARD = gnu99;
				GCC_WARN_64_TO_32_BIT_CONVERSION = YES;
				GCC_WARN_ABOUT_RETURN_TYPE = YES_ERROR;
				GCC_WARN_UNDECLARED_SELECTOR = YES;
				GCC_WARN_UNINITIALIZED_AUTOS = YES_AGGRESSIVE;
				GCC_WARN_UNUSED_FUNCTION = YES;
				GCC_WARN_UNUSED_VARIABLE = YES;
				IPHONEOS_DEPLOYMENT_TARGET = 8.0;
				METAL_ENABLE_DEBUG_INFO = NO;
				SDKROOT = iphoneos;
				VALIDATE_PRODUCT = YES;
			};
			name = Release;
		};
		1EE0BBDB1952FE0C005CCFAB /* Debug */ = {
			isa = XCBuildConfiguration;
			buildSettings = {
				ASSETCATALOG_COMPILER_APPICON_NAME = AppIcon;
				ASSETCATALOG_COMPILER_LAUNCHIMAGE_NAME = LaunchImage;
				INFOPLIST_FILE = TodoList/Info.plist;
				LD_RUNPATH_SEARCH_PATHS = "$(inherited) @executable_path/Frameworks";
				PRODUCT_NAME = "$(TARGET_NAME)";
			};
			name = Debug;
		};
		1EE0BBDC1952FE0C005CCFAB /* Release */ = {
			isa = XCBuildConfiguration;
			buildSettings = {
				ASSETCATALOG_COMPILER_APPICON_NAME = AppIcon;
				ASSETCATALOG_COMPILER_LAUNCHIMAGE_NAME = LaunchImage;
				INFOPLIST_FILE = TodoList/Info.plist;
				LD_RUNPATH_SEARCH_PATHS = "$(inherited) @executable_path/Frameworks";
				PRODUCT_NAME = "$(TARGET_NAME)";
			};
			name = Release;
		};
		1EE0BBDE1952FE0C005CCFAB /* Debug */ = {
			isa = XCBuildConfiguration;
			buildSettings = {
				BUNDLE_LOADER = "$(BUILT_PRODUCTS_DIR)/TodoList.app/TodoList";
				FRAMEWORK_SEARCH_PATHS = (
					"$(SDKROOT)/Developer/Library/Frameworks",
					"$(inherited)",
				);
				GCC_PREPROCESSOR_DEFINITIONS = (
					"DEBUG=1",
					"$(inherited)",
				);
				INFOPLIST_FILE = TodoListTests/Info.plist;
				LD_RUNPATH_SEARCH_PATHS = "$(inherited) @executable_path/Frameworks @loader_path/Frameworks";
				METAL_ENABLE_DEBUG_INFO = YES;
				PRODUCT_NAME = "$(TARGET_NAME)";
				TEST_HOST = "$(BUNDLE_LOADER)";
			};
			name = Debug;
		};
		1EE0BBDF1952FE0C005CCFAB /* Release */ = {
			isa = XCBuildConfiguration;
			buildSettings = {
				BUNDLE_LOADER = "$(BUILT_PRODUCTS_DIR)/TodoList.app/TodoList";
				FRAMEWORK_SEARCH_PATHS = (
					"$(SDKROOT)/Developer/Library/Frameworks",
					"$(inherited)",
				);
				INFOPLIST_FILE = TodoListTests/Info.plist;
				LD_RUNPATH_SEARCH_PATHS = "$(inherited) @executable_path/Frameworks @loader_path/Frameworks";
				METAL_ENABLE_DEBUG_INFO = NO;
				PRODUCT_NAME = "$(TARGET_NAME)";
				TEST_HOST = "$(BUNDLE_LOADER)";
			};
			name = Release;
		};
/* End XCBuildConfiguration section */

/* Begin XCConfigurationList section */
		1EE0BBB91952FE0C005CCFAB /* Build configuration list for PBXProject "TodoList" */ = {
			isa = XCConfigurationList;
			buildConfigurations = (
				1EE0BBD81952FE0C005CCFAB /* Debug */,
				1EE0BBD91952FE0C005CCFAB /* Release */,
			);
			defaultConfigurationIsVisible = 0;
			defaultConfigurationName = Release;
		};
		1EE0BBDA1952FE0C005CCFAB /* Build configuration list for PBXNativeTarget "TodoList" */ = {
			isa = XCConfigurationList;
			buildConfigurations = (
				1EE0BBDB1952FE0C005CCFAB /* Debug */,
				1EE0BBDC1952FE0C005CCFAB /* Release */,
			);
			defaultConfigurationIsVisible = 0;
		};
		1EE0BBDD1952FE0C005CCFAB /* Build configuration list for PBXNativeTarget "TodoListTests" */ = {
			isa = XCConfigurationList;
			buildConfigurations = (
				1EE0BBDE1952FE0C005CCFAB /* Debug */,
				1EE0BBDF1952FE0C005CCFAB /* Release */,
			);
			defaultConfigurationIsVisible = 0;
		};
/* End XCConfigurationList section */
	};
	rootObject = 1EE0BBB61952FE0C005CCFAB /* Project object */;
}
